
Microsoft Visual Studio Solution File, Format Version 12.00
# Visual Studio Version 17
VisualStudioVersion = 17.2.32526.322
MinimumVisualStudioVersion = 10.0.40219.1
Project("{2150E333-8FDC-42A3-9474-1A3956D46DE8}") = "src", "src", "{AE1EB595-352C-47B5-A176-FA07D85064CB}"
EndProject
Project("{9A19103F-16F7-4668-BE54-9A1E7A4F7556}") = "LiteAbpUBD.Business", "src\LiteAbpUBD.Business\LiteAbpUBD.Business.csproj", "{BDD4C77C-517C-498F-87AD-0561D1BABC4B}"
EndProject
Project("{9A19103F-16F7-4668-BE54-9A1E7A4F7556}") = "LiteAbpUBD.DataAccess", "src\LiteAbpUBD.DataAccess\LiteAbpUBD.DataAccess.csproj", "{ACB7F76E-7878-4856-9300-D8C4F939A448}"
EndProject
Project("{9A19103F-16F7-4668-BE54-9A1E7A4F7556}") = "LiteAbpUBD.Web", "src\LiteAbpUBD.Web\LiteAbpUBD.Web.csproj", "{AF41933E-56B4-4C4C-83B9-29781F617622}"
EndProject
Global
	GlobalSection(SolutionConfigurationPlatforms) = preSolution
		Debug|Any CPU = Debug|Any CPU
		Release|Any CPU = Release|Any CPU
	EndGlobalSection
	GlobalSection(ProjectConfigurationPlatforms) = postSolution
		{BDD4C77C-517C-498F-87AD-0561D1BABC4B}.Debug|Any CPU.ActiveCfg = Debug|Any CPU
		{BDD4C77C-517C-498F-87AD-0561D1BABC4B}.Debug|Any CPU.Build.0 = Debug|Any CPU
		{BDD4C77C-517C-498F-87AD-0561D1BABC4B}.Release|Any CPU.ActiveCfg = Release|Any CPU
		{BDD4C77C-517C-498F-87AD-0561D1BABC4B}.Release|Any CPU.Build.0 = Release|Any CPU
		{ACB7F76E-7878-4856-9300-D8C4F939A448}.Debug|Any CPU.ActiveCfg = Debug|Any CPU
		{ACB7F76E-7878-4856-9300-D8C4F939A448}.Debug|Any CPU.Build.0 = Debug|Any CPU
		{ACB7F76E-7878-4856-9300-D8C4F939A448}.Release|Any CPU.ActiveCfg = Release|Any CPU
		{ACB7F76E-7878-4856-9300-D8C4F939A448}.Release|Any CPU.Build.0 = Release|Any CPU
		{AF41933E-56B4-4C4C-83B9-29781F617622}.Debug|Any CPU.ActiveCfg = Debug|Any CPU
		{AF41933E-56B4-4C4C-83B9-29781F617622}.Debug|Any CPU.Build.0 = Debug|Any CPU
		{AF41933E-56B4-4C4C-83B9-29781F617622}.Release|Any CPU.ActiveCfg = Release|Any CPU
		{AF41933E-56B4-4C4C-83B9-29781F617622}.Release|Any CPU.Build.0 = Release|Any CPU
	EndGlobalSection
	GlobalSection(SolutionProperties) = preSolution
		HideSolutionNode = FALSE
	EndGlobalSection
	GlobalSection(NestedProjects) = preSolution
		{BDD4C77C-517C-498F-87AD-0561D1BABC4B} = {AE1EB595-352C-47B5-A176-FA07D85064CB}
		{ACB7F76E-7878-4856-9300-D8C4F939A448} = {AE1EB595-352C-47B5-A176-FA07D85064CB}
		{AF41933E-56B4-4C4C-83B9-29781F617622} = {AE1EB595-352C-47B5-A176-FA07D85064CB}
	EndGlobalSection
	GlobalSection(ExtensibilityGlobals) = postSolution
		SolutionGuid = {498D3370-3A6B-44EA-8F8C-A7FC8A5F3FC6}
	EndGlobalSection
EndGlobal
