
Microsoft Visual Studio Solution File, Format Version 12.00
# Visual Studio Version 17
VisualStudioVersion = 17.5.33530.505
MinimumVisualStudioVersion = 10.0.40219.1
Project("{2150E333-8FDC-42A3-9474-1A3956D46DE8}") = "src", "src", "{AE1EB595-352C-47B5-A176-FA07D85064CB}"
EndProject
Project("{9A19103F-16F7-4668-BE54-9A1E7A4F7556}") = "LiteAbpUBD.Common", "src\LiteAbpUBD.Common\LiteAbpUBD.Common.csproj", "{6AE91335-ED9B-406C-8E3E-DE220AEEB10F}"
EndProject
Project("{2150E333-8FDC-42A3-9474-1A3956D46DE8}") = "LiteAbpUBD.Example", "LiteAbpUBD.Example", "{1DB3E2A6-6D00-4766-BEF4-8092B15AF2F2}"
EndProject
Project("{9A19103F-16F7-4668-BE54-9A1E7A4F7556}") = "LiteAbpUBD.DataAccess", "src\LiteAbpUBD.DataAccess\LiteAbpUBD.DataAccess.csproj", "{C98524A7-0523-4475-9842-8F348526207B}"
EndProject
Project("{9A19103F-16F7-4668-BE54-9A1E7A4F7556}") = "LiteAbpUBD.Business", "src\LiteAbpUBD.Business\LiteAbpUBD.Business.csproj", "{3418103F-3310-4BC6-AD37-8F084A906194}"
EndProject
Project("{9A19103F-16F7-4668-BE54-9A1E7A4F7556}") = "LiteAbpUBD.Example.DataAccess", "src\LiteAbpUBD.Example\LiteAbpUBD.Example.DataAccess\LiteAbpUBD.Example.DataAccess.csproj", "{F2BC8650-EC53-4F20-A2E9-61776EDF89C1}"
EndProject
Project("{9A19103F-16F7-4668-BE54-9A1E7A4F7556}") = "LiteAbpUBD.Example.Business", "src\LiteAbpUBD.Example\LiteAbpUBD.Example.Business\LiteAbpUBD.Example.Business.csproj", "{3B421531-68E3-49C9-9DA7-BB8F0B72485E}"
EndProject
Project("{9A19103F-16F7-4668-BE54-9A1E7A4F7556}") = "LiteAbpUBD.Web", "src\LiteAbpUBD.Web\LiteAbpUBD.Web.csproj", "{7BFBFA19-F0CE-485F-B947-2896FDD247BB}"
EndProject
Global
	GlobalSection(SolutionConfigurationPlatforms) = preSolution
		Debug|Any CPU = Debug|Any CPU
		Release|Any CPU = Release|Any CPU
	EndGlobalSection
	GlobalSection(ProjectConfigurationPlatforms) = postSolution
		{6AE91335-ED9B-406C-8E3E-DE220AEEB10F}.Debug|Any CPU.ActiveCfg = Debug|Any CPU
		{6AE91335-ED9B-406C-8E3E-DE220AEEB10F}.Debug|Any CPU.Build.0 = Debug|Any CPU
		{6AE91335-ED9B-406C-8E3E-DE220AEEB10F}.Release|Any CPU.ActiveCfg = Release|Any CPU
		{6AE91335-ED9B-406C-8E3E-DE220AEEB10F}.Release|Any CPU.Build.0 = Release|Any CPU
		{C98524A7-0523-4475-9842-8F348526207B}.Debug|Any CPU.ActiveCfg = Debug|Any CPU
		{C98524A7-0523-4475-9842-8F348526207B}.Debug|Any CPU.Build.0 = Debug|Any CPU
		{C98524A7-0523-4475-9842-8F348526207B}.Release|Any CPU.ActiveCfg = Release|Any CPU
		{C98524A7-0523-4475-9842-8F348526207B}.Release|Any CPU.Build.0 = Release|Any CPU
		{3418103F-3310-4BC6-AD37-8F084A906194}.Debug|Any CPU.ActiveCfg = Debug|Any CPU
		{3418103F-3310-4BC6-AD37-8F084A906194}.Debug|Any CPU.Build.0 = Debug|Any CPU
		{3418103F-3310-4BC6-AD37-8F084A906194}.Release|Any CPU.ActiveCfg = Release|Any CPU
		{3418103F-3310-4BC6-AD37-8F084A906194}.Release|Any CPU.Build.0 = Release|Any CPU
		{F2BC8650-EC53-4F20-A2E9-61776EDF89C1}.Debug|Any CPU.ActiveCfg = Debug|Any CPU
		{F2BC8650-EC53-4F20-A2E9-61776EDF89C1}.Debug|Any CPU.Build.0 = Debug|Any CPU
		{F2BC8650-EC53-4F20-A2E9-61776EDF89C1}.Release|Any CPU.ActiveCfg = Release|Any CPU
		{F2BC8650-EC53-4F20-A2E9-61776EDF89C1}.Release|Any CPU.Build.0 = Release|Any CPU
		{3B421531-68E3-49C9-9DA7-BB8F0B72485E}.Debug|Any CPU.ActiveCfg = Debug|Any CPU
		{3B421531-68E3-49C9-9DA7-BB8F0B72485E}.Debug|Any CPU.Build.0 = Debug|Any CPU
		{3B421531-68E3-49C9-9DA7-BB8F0B72485E}.Release|Any CPU.ActiveCfg = Release|Any CPU
		{3B421531-68E3-49C9-9DA7-BB8F0B72485E}.Release|Any CPU.Build.0 = Release|Any CPU
		{7BFBFA19-F0CE-485F-B947-2896FDD247BB}.Debug|Any CPU.ActiveCfg = Debug|Any CPU
		{7BFBFA19-F0CE-485F-B947-2896FDD247BB}.Debug|Any CPU.Build.0 = Debug|Any CPU
		{7BFBFA19-F0CE-485F-B947-2896FDD247BB}.Release|Any CPU.ActiveCfg = Release|Any CPU
		{7BFBFA19-F0CE-485F-B947-2896FDD247BB}.Release|Any CPU.Build.0 = Release|Any CPU
	EndGlobalSection
	GlobalSection(SolutionProperties) = preSolution
		HideSolutionNode = FALSE
	EndGlobalSection
	GlobalSection(NestedProjects) = preSolution
		{6AE91335-ED9B-406C-8E3E-DE220AEEB10F} = {AE1EB595-352C-47B5-A176-FA07D85064CB}
		{1DB3E2A6-6D00-4766-BEF4-8092B15AF2F2} = {AE1EB595-352C-47B5-A176-FA07D85064CB}
		{C98524A7-0523-4475-9842-8F348526207B} = {AE1EB595-352C-47B5-A176-FA07D85064CB}
		{3418103F-3310-4BC6-AD37-8F084A906194} = {AE1EB595-352C-47B5-A176-FA07D85064CB}
		{F2BC8650-EC53-4F20-A2E9-61776EDF89C1} = {1DB3E2A6-6D00-4766-BEF4-8092B15AF2F2}
		{3B421531-68E3-49C9-9DA7-BB8F0B72485E} = {1DB3E2A6-6D00-4766-BEF4-8092B15AF2F2}
		{7BFBFA19-F0CE-485F-B947-2896FDD247BB} = {AE1EB595-352C-47B5-A176-FA07D85064CB}
	EndGlobalSection
	GlobalSection(ExtensibilityGlobals) = postSolution
		SolutionGuid = {498D3370-3A6B-44EA-8F8C-A7FC8A5F3FC6}
	EndGlobalSection
EndGlobal
